
Microsoft Visual Studio Solution File, Format Version 12.00
# Visual Studio Version 17
VisualStudioVersion = 17.7.34024.191
MinimumVisualStudioVersion = 10.0.40219.1
Project("{FAE04EC0-301F-11D3-BF4B-00C04F79EFBC}") = "Task_1", "lab_3\Task_1.csproj", "{33EBBEC3-F3AF-471C-8DE4-9B82C3964B10}"
EndProject
Project("{FAE04EC0-301F-11D3-BF4B-00C04F79EFBC}") = "Task_2", "Task_2\Task_2.csproj", "{855FCB2C-D2CC-435F-8925-4FC1C44B9B16}"
EndProject
Global
	GlobalSection(SolutionConfigurationPlatforms) = preSolution
		Debug|Any CPU = Debug|Any CPU
		Release|Any CPU = Release|Any CPU
	EndGlobalSection
	GlobalSection(ProjectConfigurationPlatforms) = postSolution
		{33EBBEC3-F3AF-471C-8DE4-9B82C3964B10}.Debug|Any CPU.ActiveCfg = Debug|Any CPU
		{33EBBEC3-F3AF-471C-8DE4-9B82C3964B10}.Debug|Any CPU.Build.0 = Debug|Any CPU
		{33EBBEC3-F3AF-471C-8DE4-9B82C3964B10}.Release|Any CPU.ActiveCfg = Release|Any CPU
		{33EBBEC3-F3AF-471C-8DE4-9B82C3964B10}.Release|Any CPU.Build.0 = Release|Any CPU
		{855FCB2C-D2CC-435F-8925-4FC1C44B9B16}.Debug|Any CPU.ActiveCfg = Debug|Any CPU
		{855FCB2C-D2CC-435F-8925-4FC1C44B9B16}.Debug|Any CPU.Build.0 = Debug|Any CPU
		{855FCB2C-D2CC-435F-8925-4FC1C44B9B16}.Release|Any CPU.ActiveCfg = Release|Any CPU
		{855FCB2C-D2CC-435F-8925-4FC1C44B9B16}.Release|Any CPU.Build.0 = Release|Any CPU
	EndGlobalSection
	GlobalSection(SolutionProperties) = preSolution
		HideSolutionNode = FALSE
	EndGlobalSection
	GlobalSection(ExtensibilityGlobals) = postSolution
		SolutionGuid = {48487718-E93C-471B-8397-8E42C791409E}
	EndGlobalSection
EndGlobal
